{
  "name": "vite-plugin-vue2-suffix",
  "version": "1.0.0",
  "lockfileVersion": 1,
  "requires": true,
  "dependencies": {
    "fsevents": {
      "version": "2.3.2",
      "resolved": "https://registry.npm.taobao.org/fsevents/download/fsevents-2.3.2.tgz",
      "integrity": "sha1-ilJveLj99GI7cJ4Ll1xSwkwC/Ro=",
      "dev": true,
      "optional": true
    },
    "rollup": {
      "version": "2.56.2",
      "resolved": "https://registry.nlark.com/rollup/download/rollup-2.56.2.tgz",
      "integrity": "sha1-oEX/P2r1PuAJtfUBbKPaAynlRw8=",
      "dev": true,
      "requires": {
        "fsevents": "~2.3.2"
      }
    }
  }
}
